
Microsoft Visual Studio Solution File, Format Version 12.00
Project("{FAE04EC0-301F-11D3-BF4B-00C04F79EFBC}") = "TrainTrain.Anemic", "TrainTrain.Anemic\TrainTrain.Anemic.csproj", "{5B8FFB8A-997D-46D3-8B77-66E0557BC93C}"
EndProject
Project("{FAE04EC0-301F-11D3-BF4B-00C04F79EFBC}") = "TrainTrain.Anemic.Tests", "TrainTrain.Anemic.Tests\TrainTrain.Anemic.Tests.csproj", "{0897787B-1BD0-4BBF-956D-373432351287}"
EndProject
Project("{2150E333-8FDC-42A3-9474-1A3956D46DE8}") = "Anemic", "Anemic", "{40AAD60A-48B1-4939-B221-66657E1F3FE0}"
EndProject
Project("{2150E333-8FDC-42A3-9474-1A3956D46DE8}") = "DDD", "DDD", "{7A052B42-95F7-49C2-ABE6-30E14997F707}"
EndProject
Project("{FAE04EC0-301F-11D3-BF4B-00C04F79EFBC}") = "TrainTrain.Ddd", "TrainTrain.Ddd\TrainTrain.Ddd.csproj", "{F6FA0E6E-5A52-4634-BD0F-7F48A4FD49DA}"
EndProject
Project("{FAE04EC0-301F-11D3-BF4B-00C04F79EFBC}") = "TrainTrain.Ddd.Tests", "TrainTrain.Ddd.Tests\TrainTrain.Ddd.Tests.csproj", "{4E7B7AC0-DD83-4047-99E3-8D675F6BE8DC}"
EndProject
Global
	GlobalSection(SolutionConfigurationPlatforms) = preSolution
		Debug|Any CPU = Debug|Any CPU
		Release|Any CPU = Release|Any CPU
	EndGlobalSection
	GlobalSection(ProjectConfigurationPlatforms) = postSolution
		{5B8FFB8A-997D-46D3-8B77-66E0557BC93C}.Debug|Any CPU.ActiveCfg = Debug|Any CPU
		{5B8FFB8A-997D-46D3-8B77-66E0557BC93C}.Debug|Any CPU.Build.0 = Debug|Any CPU
		{5B8FFB8A-997D-46D3-8B77-66E0557BC93C}.Release|Any CPU.ActiveCfg = Release|Any CPU
		{5B8FFB8A-997D-46D3-8B77-66E0557BC93C}.Release|Any CPU.Build.0 = Release|Any CPU
		{0897787B-1BD0-4BBF-956D-373432351287}.Debug|Any CPU.ActiveCfg = Debug|Any CPU
		{0897787B-1BD0-4BBF-956D-373432351287}.Debug|Any CPU.Build.0 = Debug|Any CPU
		{0897787B-1BD0-4BBF-956D-373432351287}.Release|Any CPU.ActiveCfg = Release|Any CPU
		{0897787B-1BD0-4BBF-956D-373432351287}.Release|Any CPU.Build.0 = Release|Any CPU
		{F6FA0E6E-5A52-4634-BD0F-7F48A4FD49DA}.Debug|Any CPU.ActiveCfg = Debug|Any CPU
		{F6FA0E6E-5A52-4634-BD0F-7F48A4FD49DA}.Debug|Any CPU.Build.0 = Debug|Any CPU
		{F6FA0E6E-5A52-4634-BD0F-7F48A4FD49DA}.Release|Any CPU.ActiveCfg = Release|Any CPU
		{F6FA0E6E-5A52-4634-BD0F-7F48A4FD49DA}.Release|Any CPU.Build.0 = Release|Any CPU
		{4E7B7AC0-DD83-4047-99E3-8D675F6BE8DC}.Debug|Any CPU.ActiveCfg = Debug|Any CPU
		{4E7B7AC0-DD83-4047-99E3-8D675F6BE8DC}.Debug|Any CPU.Build.0 = Debug|Any CPU
		{4E7B7AC0-DD83-4047-99E3-8D675F6BE8DC}.Release|Any CPU.ActiveCfg = Release|Any CPU
		{4E7B7AC0-DD83-4047-99E3-8D675F6BE8DC}.Release|Any CPU.Build.0 = Release|Any CPU
	EndGlobalSection
	GlobalSection(NestedProjects) = preSolution
		{5B8FFB8A-997D-46D3-8B77-66E0557BC93C} = {40AAD60A-48B1-4939-B221-66657E1F3FE0}
		{0897787B-1BD0-4BBF-956D-373432351287} = {40AAD60A-48B1-4939-B221-66657E1F3FE0}
		{F6FA0E6E-5A52-4634-BD0F-7F48A4FD49DA} = {7A052B42-95F7-49C2-ABE6-30E14997F707}
		{4E7B7AC0-DD83-4047-99E3-8D675F6BE8DC} = {7A052B42-95F7-49C2-ABE6-30E14997F707}
	EndGlobalSection
EndGlobal
